version = 1
revision = 3
requires-python = ">=3.13"

[[package]]
name = "anyio"
version = "4.13.0"
source = { registry = "https://pypi.org/simple" }
dependencies = [
    { name = "idna" },
]
sdist = { url = "https://files.pythonhosted.org/packages/19/14/2c5dd9f512b66549ae92767a9c7b330ae88e1932ca57876909410251fe13/anyio-4.13.0.tar.gz", hash = "sha256:334b70e641fd2221c1505b3890c69882fe4a2df910cba14d97019b90b24439dc", size = 231622, upload-time = "2026-03-24T12:59:09.671Z" }
wheels = [
    { url = "https://files.pythonhosted.org/packages/da/42/e921fccf5015463e32a3cf6ee7f980a6ed0f395ceeaa45060b61d86486c2/anyio-4.13.0-py3-none-any.whl", hash = "sha256:08b310f9e24a9594186fd75b4f73f4a4152069e3853f1ed8bfbf58369f4ad708", size = 114353, upload-time = "2026-03-24T12:59:08.246Z" },
]

[[package]]
name = "certifi"
version = "2026.5.20"
source = { registry = "https://pypi.org/simple" }
sdist = { url = "https://files.pythonhosted.org/packages/f3/ce/ee2ecad540810a79593028e88299baeae54d346cc7a0d94b6199988b89b1/certifi-2026.5.20.tar.gz", hash = "sha256:69dea482ab64caa7b9f6aba1c6bf48bb6a5448d1c0f1b17ab42ad8c763a5344d", size = 135422, upload-time = "2026-05-20T11:46:50.073Z" }
wheels = [
    { url = "https://files.pythonhosted.org/packages/59/8c/57e832b7af6d7c5abe66eb3fbe3a3a32f4d11ea23a1aa7131371035be991/certifi-2026.5.20-py3-none-any.whl", hash = "sha256:3c52e209ba0a4ad7aebe60436a4ab349c39e1e602e8c134221e546902ad25897", size = 134134, upload-time = "2026-05-20T11:46:48.578Z" },
]

[[package]]
name = "cffi"
version = "2.0.0"
source = { registry = "https://pypi.org/simple" }
dependencies = [
    { name = "pycparser", marker = "implementation_name != 'PyPy'" },
]
sdist = { url = "https://files.pythonhosted.org/packages/eb/56/b1ba7935a17738ae8453301356628e8147c79dbb825bcbc73dc7401f9846/cffi-2.0.0.tar.gz", hash = "sha256:44d1b5909021139fe36001ae048dbdde8214afa20200eda0f64c068cac5d5529", size = 523588, upload-time = "2025-09-08T23:24:04.541Z" }
wheels = [
    { url = "https://files.pythonhosted.org/packages/4b/8d/a0a47a0c9e413a658623d014e91e74a50cdd2c423f7ccfd44086ef767f90/cffi-2.0.0-cp313-cp313-macosx_10_13_x86_64.whl", hash = "sha256:00bdf7acc5f795150faa6957054fbbca2439db2f775ce831222b66f192f03beb", size = 185230, upload-time = "2025-09-08T23:23:00.879Z" },
    { url = "https://files.pythonhosted.org/packages/4a/d2/a6c0296814556c68ee32009d9c2ad4f85f2707cdecfd7727951ec228005d/cffi-2.0.0-cp313-cp313-macosx_11_0_arm64.whl", hash = "sha256:45d5e886156860dc35862657e1494b9bae8dfa63bf56796f2fb56e1679fc0bca", size = 181043, upload-time = "2025-09-08T23:23:02.231Z" },
    { url = "https://files.pythonhosted.org/packages/b0/1e/d22cc63332bd59b06481ceaac49d6c507598642e2230f201649058a7e704/cffi-2.0.0-cp313-cp313-manylinux1_i686.manylinux2014_i686.manylinux_2_17_i686.manylinux_2_5_i686.whl", hash = "sha256:07b271772c100085dd28b74fa0cd81c8fb1a3ba18b21e03d7c27f3436a10606b", size = 212446, upload-time = "2025-09-08T23:23:03.472Z" },
    { url = "https://files.pythonhosted.org/packages/a9/f5/a2c23eb03b61a0b8747f211eb716446c826ad66818ddc7810cc2cc19b3f2/cffi-2.0.0-cp313-cp313-manylinux2014_aarch64.manylinux_2_17_aarch64.whl", hash = "sha256:d48a880098c96020b02d5a1f7d9251308510ce8858940e6fa99ece33f610838b", size = 220101, upload-time = "2025-09-08T23:23:04.792Z" },
    { url = "https://files.pythonhosted.org/packages/f2/7f/e6647792fc5850d634695bc0e6ab4111ae88e89981d35ac269956605feba/cffi-2.0.0-cp313-cp313-manylinux2014_ppc64le.manylinux_2_17_ppc64le.whl", hash = "sha256:f93fd8e5c8c0a4aa1f424d6173f14a892044054871c771f8566e4008eaa359d2", size = 207948, upload-time = "2025-09-08T23:23:06.127Z" },
    { url = "https://files.pythonhosted.org/packages/cb/1e/a5a1bd6f1fb30f22573f76533de12a00bf274abcdc55c8edab639078abb6/cffi-2.0.0-cp313-cp313-manylinux2014_s390x.manylinux_2_17_s390x.whl", hash = "sha256:dd4f05f54a52fb558f1ba9f528228066954fee3ebe629fc1660d874d040ae5a3", size = 206422, upload-time = "2025-09-08T23:23:07.753Z" },
    { url = "https://files.pythonhosted.org/packages/98/df/0a1755e750013a2081e863e7cd37e0cdd02664372c754e5560099eb7aa44/cffi-2.0.0-cp313-cp313-manylinux2014_x86_64.manylinux_2_17_x86_64.whl", hash = "sha256:c8d3b5532fc71b7a77c09192b4a5a200ea992702734a2e9279a37f2478236f26", size = 219499, upload-time = "2025-09-08T23:23:09.648Z" },
    { url = "https://files.pythonhosted.org/packages/50/e1/a969e687fcf9ea58e6e2a928ad5e2dd88cc12f6f0ab477e9971f2309b57c/cffi-2.0.0-cp313-cp313-musllinux_1_2_aarch64.whl", hash = "sha256:d9b29c1f0ae438d5ee9acb31cadee00a58c46cc9c0b2f9038c6b0b3470877a8c", size = 222928, upload-time = "2025-09-08T23:23:10.928Z" },
    { url = "https://files.pythonhosted.org/packages/36/54/0362578dd2c9e557a28ac77698ed67323ed5b9775ca9d3fe73fe191bb5d8/cffi-2.0.0-cp313-cp313-musllinux_1_2_x86_64.whl", hash = "sha256:6d50360be4546678fc1b79ffe7a66265e28667840010348dd69a314145807a1b", size = 221302, upload-time = "2025-09-08T23:23:12.42Z" },
    { url = "https://files.pythonhosted.org/packages/eb/6d/bf9bda840d5f1dfdbf0feca87fbdb64a918a69bca42cfa0ba7b137c48cb8/cffi-2.0.0-cp313-cp313-win32.whl", hash = "sha256:74a03b9698e198d47562765773b4a8309919089150a0bb17d829ad7b44b60d27", size = 172909, upload-time = "2025-09-08T23:23:14.32Z" },
    { url = "https://files.pythonhosted.org/packages/37/18/6519e1ee6f5a1e579e04b9ddb6f1676c17368a7aba48299c3759bbc3c8b3/cffi-2.0.0-cp313-cp313-win_amd64.whl", hash = "sha256:19f705ada2530c1167abacb171925dd886168931e0a7b78f5bffcae5c6b5be75", size = 183402, upload-time = "2025-09-08T23:23:15.535Z" },
    { url = "https://files.pythonhosted.org/packages/cb/0e/02ceeec9a7d6ee63bb596121c2c8e9b3a9e150936f4fbef6ca1943e6137c/cffi-2.0.0-cp313-cp313-win_arm64.whl", hash = "sha256:256f80b80ca3853f90c21b23ee78cd008713787b1b1e93eae9f3d6a7134abd91", size = 177780, upload-time = "2025-09-08T23:23:16.761Z" },
    { url = "https://files.pythonhosted.org/packages/92/c4/3ce07396253a83250ee98564f8d7e9789fab8e58858f35d07a9a2c78de9f/cffi-2.0.0-cp314-cp314-macosx_10_13_x86_64.whl", hash = "sha256:fc33c5141b55ed366cfaad382df24fe7dcbc686de5be719b207bb248e3053dc5", size = 185320, upload-time = "2025-09-08T23:23:18.087Z" },
    { url = "https://files.pythonhosted.org/packages/59/dd/27e9fa567a23931c838c6b02d0764611c62290062a6d4e8ff7863daf9730/cffi-2.0.0-cp314-cp314-macosx_11_0_arm64.whl", hash = "sha256:c654de545946e0db659b3400168c9ad31b5d29593291482c43e3564effbcee13", size = 181487, upload-time = "2025-09-08T23:23:19.622Z" },
    { url = "https://files.pythonhosted.org/packages/d6/43/0e822876f87ea8a4ef95442c3d766a06a51fc5298823f884ef87aaad168c/cffi-2.0.0-cp314-cp314-manylinux2014_aarch64.manylinux_2_17_aarch64.whl", hash = "sha256:24b6f81f1983e6df8db3adc38562c83f7d4a0c36162885ec7f7b77c7dcbec97b", size = 220049, upload-time = "2025-09-08T23:23:20.853Z" },
    { url = "https://files.pythonhosted.org/packages/b4/89/76799151d9c2d2d1ead63c2429da9ea9d7aac304603de0c6e8764e6e8e70/cffi-2.0.0-cp314-cp314-manylinux2014_ppc64le.manylinux_2_17_ppc64le.whl", hash = "sha256:12873ca6cb9b0f0d3a0da705d6086fe911591737a59f28b7936bdfed27c0d47c", size = 207793, upload-time = "2025-09-08T23:23:22.08Z" },
    { url = "https://files.pythonhosted.org/packages/bb/dd/3465b14bb9e24ee24cb88c9e3730f6de63111fffe513492bf8c808a3547e/cffi-2.0.0-cp314-cp314-manylinux2014_s390x.manylinux_2_17_s390x.whl", hash = "sha256:d9b97165e8aed9272a6bb17c01e3cc5871a594a446ebedc996e2397a1c1ea8ef", size = 206300, upload-time = "2025-09-08T23:23:23.314Z" },
    { url = "https://files.pythonhosted.org/packages/47/d9/d83e293854571c877a92da46fdec39158f8d7e68da75bf73581225d28e90/cffi-2.0.0-cp314-cp314-manylinux2014_x86_64.manylinux_2_17_x86_64.whl", hash = "sha256:afb8db5439b81cf9c9d0c80404b60c3cc9c3add93e114dcae767f1477cb53775", size = 219244, upload-time = "2025-09-08T23:23:24.541Z" },
    { url = "https://files.pythonhosted.org/packages/2b/0f/1f177e3683aead2bb00f7679a16451d302c436b5cbf2505f0ea8146ef59e/cffi-2.0.0-cp314-cp314-musllinux_1_2_aarch64.whl", hash = "sha256:737fe7d37e1a1bffe70bd5754ea763a62a066dc5913ca57e957824b72a85e205", size = 222828, upload-time = "2025-09-08T23:23:26.143Z" },
    { url = "https://files.pythonhosted.org/packages/c6/0f/cafacebd4b040e3119dcb32fed8bdef8dfe94da653155f9d0b9dc660166e/cffi-2.0.0-cp314-cp314-musllinux_1_2_x86_64.whl", hash = "sha256:38100abb9d1b1435bc4cc340bb4489635dc2f0da7456590877030c9b3d40b0c1", size = 220926, upload-time = "2025-09-08T23:23:27.873Z" },
    { url = "https://files.pythonhosted.org/packages/3e/aa/df335faa45b395396fcbc03de2dfcab242cd61a9900e914fe682a59170b1/cffi-2.0.0-cp314-cp314-win32.whl", hash = "sha256:087067fa8953339c723661eda6b54bc98c5625757ea62e95eb4898ad5e776e9f", size = 175328, upload-time = "2025-09-08T23:23:44.61Z" },
    { url = "https://files.pythonhosted.org/packages/bb/92/882c2d30831744296ce713f0feb4c1cd30f346ef747b530b5318715cc367/cffi-2.0.0-cp314-cp314-win_amd64.whl", hash = "sha256:203a48d1fb583fc7d78a4c6655692963b860a417c0528492a6bc21f1aaefab25", size = 185650, upload-time = "2025-09-08T23:23:45.848Z" },
    { url = "https://files.pythonhosted.org/packages/9f/2c/98ece204b9d35a7366b5b2c6539c350313ca13932143e79dc133ba757104/cffi-2.0.0-cp314-cp314-win_arm64.whl", hash = "sha256:dbd5c7a25a7cb98f5ca55d258b103a2054f859a46ae11aaf23134f9cc0d356ad", size = 180687, upload-time = "2025-09-08T23:23:47.105Z" },
    { url = "https://files.pythonhosted.org/packages/3e/61/c768e4d548bfa607abcda77423448df8c471f25dbe64fb2ef6d555eae006/cffi-2.0.0-cp314-cp314t-macosx_10_13_x86_64.whl", hash = "sha256:9a67fc9e8eb39039280526379fb3a70023d77caec1852002b4da7e8b270c4dd9", size = 188773, upload-time = "2025-09-08T23:23:29.347Z" },
    { url = "https://files.pythonhosted.org/packages/2c/ea/5f76bce7cf6fcd0ab1a1058b5af899bfbef198bea4d5686da88471ea0336/cffi-2.0.0-cp314-cp314t-macosx_11_0_arm64.whl", hash = "sha256:7a66c7204d8869299919db4d5069a82f1561581af12b11b3c9f48c584eb8743d", size = 185013, upload-time = "2025-09-08T23:23:30.63Z" },
    { url = "https://files.pythonhosted.org/packages/be/b4/c56878d0d1755cf9caa54ba71e5d049479c52f9e4afc230f06822162ab2f/cffi-2.0.0-cp314-cp314t-manylinux2014_aarch64.manylinux_2_17_aarch64.whl", hash = "sha256:7cc09976e8b56f8cebd752f7113ad07752461f48a58cbba644139015ac24954c", size = 221593, upload-time = "2025-09-08T23:23:31.91Z" },
    { url = "https://files.pythonhosted.org/packages/e0/0d/eb704606dfe8033e7128df5e90fee946bbcb64a04fcdaa97321309004000/cffi-2.0.0-cp314-cp314t-manylinux2014_ppc64le.manylinux_2_17_ppc64le.whl", hash = "sha256:92b68146a71df78564e4ef48af17551a5ddd142e5190cdf2c5624d0c3ff5b2e8", size = 209354, upload-time = "2025-09-08T23:23:33.214Z" },
    { url = "https://files.pythonhosted.org/packages/d8/19/3c435d727b368ca475fb8742ab97c9cb13a0de600ce86f62eab7fa3eea60/cffi-2.0.0-cp314-cp314t-manylinux2014_s390x.manylinux_2_17_s390x.whl", hash = "sha256:b1e74d11748e7e98e2f426ab176d4ed720a64412b6a15054378afdb71e0f37dc", size = 208480, upload-time = "2025-09-08T23:23:34.495Z" },
    { url = "https://files.pythonhosted.org/packages/d0/44/681604464ed9541673e486521497406fadcc15b5217c3e326b061696899a/cffi-2.0.0-cp314-cp314t-manylinux2014_x86_64.manylinux_2_17_x86_64.whl", hash = "sha256:28a3a209b96630bca57cce802da70c266eb08c6e97e5afd61a75611ee6c64592", size = 221584, upload-time = "2025-09-08T23:23:36.096Z" },
    { url = "https://files.pythonhosted.org/packages/25/8e/342a504ff018a2825d395d44d63a767dd8ebc927ebda557fecdaca3ac33a/cffi-2.0.0-cp314-cp314t-musllinux_1_2_aarch64.whl", hash = "sha256:7553fb2090d71822f02c629afe6042c299edf91ba1bf94951165613553984512", size = 224443, upload-time = "2025-09-08T23:23:37.328Z" },
    { url = "https://files.pythonhosted.org/packages/e1/5e/b666bacbbc60fbf415ba9988324a132c9a7a0448a9a8f125074671c0f2c3/cffi-2.0.0-cp314-cp314t-musllinux_1_2_x86_64.whl", hash = "sha256:6c6c373cfc5c83a975506110d17457138c8c63016b563cc9ed6e056a82f13ce4", size = 223437, upload-time = "2025-09-08T23:23:38.945Z" },
    { url = "https://files.pythonhosted.org/packages/a0/1d/ec1a60bd1a10daa292d3cd6bb0b359a81607154fb8165f3ec95fe003b85c/cffi-2.0.0-cp314-cp314t-win32.whl", hash = "sha256:1fc9ea04857caf665289b7a75923f2c6ed559b8298a1b8c49e59f7dd95c8481e", size = 180487, upload-time = "2025-09-08T23:23:40.423Z" },
    { url = "https://files.pythonhosted.org/packages/bf/41/4c1168c74fac325c0c8156f04b6749c8b6a8f405bbf91413ba088359f60d/cffi-2.0.0-cp314-cp314t-win_amd64.whl", hash = "sha256:d68b6cef7827e8641e8ef16f4494edda8b36104d79773a334beaa1e3521430f6", size = 191726, upload-time = "2025-09-08T23:23:41.742Z" },
    { url = "https://files.pythonhosted.org/packages/ae/3a/dbeec9d1ee0844c679f6bb5d6ad4e9f198b1224f4e7a32825f47f6192b0c/cffi-2.0.0-cp314-cp314t-win_arm64.whl", hash = "sha256:0a1527a803f0a659de1af2e1fd700213caba79377e27e4693648c2923da066f9", size = 184195, upload-time = "2025-09-08T23:23:43.004Z" },
]

[[package]]
name = "colorama"
version = "0.4.6"
source = { registry = "https://pypi.org/simple" }
sdist = { url = "https://files.pythonhosted.org/packages/d8/53/6f443c9a4a8358a93a6792e2acffb9d9d5cb0a5cfd8802644b7b1c9a02e4/colorama-0.4.6.tar.gz", hash = "sha256:08695f5cb7ed6e0531a20572697297273c47b8cae5a63ffc6d6ed5c201be6e44", size = 27697, upload-time = "2022-10-25T02:36:22.414Z" }
wheels = [
    { url = "https://files.pythonhosted.org/packages/d1/d6/3965ed04c63042e047cb6a3e6ed1a63a35087b6a609aa3a15ed8ac56c221/colorama-0.4.6-py2.py3-none-any.whl", hash = "sha256:4f1d9991f5acc0ca119f9d443620b77f9d6b33703e51011c16baf57afb285fc6", size = 25335, upload-time = "2022-10-25T02:36:20.889Z" },
]

[[package]]
name = "cryptography"
version = "48.0.0"
source = { registry = "https://pypi.org/simple" }
dependencies = [
    { name = "cffi", marker = "platform_python_implementation != 'PyPy'" },
]
sdist = { url = "https://files.pythonhosted.org/packages/9f/a9/db8f313fdcd85d767d4973515e1db101f9c71f95fced83233de224673757/cryptography-48.0.0.tar.gz", hash = "sha256:5c3932f4436d1cccb036cb0eaef46e6e2db91035166f1ad6505c3c9d5a635920", size = 832984, upload-time = "2026-05-04T22:59:38.133Z" }
wheels = [
    { url = "https://files.pythonhosted.org/packages/df/3d/01f6dd9190170a5a241e0e98c2d04be3664a9e6f5b9b872cde63aff1c3dd/cryptography-48.0.0-cp311-abi3-macosx_10_9_universal2.whl", hash = "sha256:0c558d2cdffd8f4bbb30fc7134c74d2ca9a476f830bb053074498fbc86f41ed6", size = 8001587, upload-time = "2026-05-04T22:57:36.803Z" },
    { url = "https://files.pythonhosted.org/packages/b2/6e/e90527eef33f309beb811cf7c982c3aeffcce8e3edb178baa4ca3ae4a6fa/cryptography-48.0.0-cp311-abi3-manylinux2014_aarch64.manylinux_2_17_aarch64.whl", hash = "sha256:f5333311663ea94f75dd408665686aaf426563556bb5283554a3539177e03b8c", size = 4690433, upload-time = "2026-05-04T22:57:40.373Z" },
    { url = "https://files.pythonhosted.org/packages/90/04/673510ed51ddff56575f306cf1617d80411ee76831ccd3097599140efdfe/cryptography-48.0.0-cp311-abi3-manylinux2014_x86_64.manylinux_2_17_x86_64.whl", hash = "sha256:7995ef305d7165c3f11ae07f2517e5a4f1d5c18da1376a0a9ed496336b69e5f3", size = 4710620, upload-time = "2026-05-04T22:57:42.935Z" },
    { url = "https://files.pythonhosted.org/packages/14/d5/e9c4ef932c8d800490c34d8bd589d64a31d5890e27ec9e9ad532be893294/cryptography-48.0.0-cp311-abi3-manylinux_2_28_aarch64.whl", hash = "sha256:40ba1f85eaa6959837b1d51c9767e230e14612eea4ef110ee8854ada22da1bf5", size = 4696283, upload-time = "2026-05-04T22:57:45.294Z" },
    { url = "https://files.pythonhosted.org/packages/0c/29/174b9dfb60b12d59ecfc6cfa04bc88c21b42a54f01b8aae09bb6e51e4c7f/cryptography-48.0.0-cp311-abi3-manylinux_2_28_ppc64le.whl", hash = "sha256:369a6348999f94bbd53435c894377b20ab95f25a9065c283570e70150d8abc3c", size = 5296573, upload-time = "2026-05-04T22:57:47.933Z" },
    { url = "https://files.pythonhosted.org/packages/95/38/0d29a6fd7d0d1373f0c0c88a04ba20e359b257753ac497564cd660fc1d55/cryptography-48.0.0-cp311-abi3-manylinux_2_28_x86_64.whl", hash = "sha256:a0e692c683f4df67815a2d258b324e66f4738bd7a96a218c826dce4f4bd05d8f", size = 4743677, upload-time = "2026-05-04T22:57:50.067Z" },
    { url = "https://files.pythonhosted.org/packages/30/be/eef653013d5c63b6a490529e0316f9ac14a37602965d4903efed1399f32b/cryptography-48.0.0-cp311-abi3-manylinux_2_31_armv7l.whl", hash = "sha256:18349bbc56f4743c8b12dc32e2bccb2cf83ee8b69a3bba74ef8ae857e26b3d25", size = 4330808, upload-time = "2026-05-04T22:57:52.301Z" },
    { url = "https://files.pythonhosted.org/packages/84/9e/500463e87abb7a0a0f9f256ec21123ecde0a7b5541a15e840ea54551fd81/cryptography-48.0.0-cp311-abi3-manylinux_2_34_aarch64.whl", hash = "sha256:7e8eac43dfca5c4cccc6dad9a80504436fca53bb9bc3100a2386d730fbe6b602", size = 4695941, upload-time = "2026-05-04T22:57:54.603Z" },
    { url = "https://files.pythonhosted.org/packages/e3/dc/7303087450c2ec9e7fbb750e17c2abfbc658f23cbd0e54009509b7cc4091/cryptography-48.0.0-cp311-abi3-manylinux_2_34_ppc64le.whl", hash = "sha256:9ccdac7d40688ecb5a3b4a604b8a88c8002e3442d6c60aead1db2a89a041560c", size = 5252579, upload-time = "2026-05-04T22:57:57.207Z" },
    { url = "https://files.pythonhosted.org/packages/d0/c0/7101d3b7215edcdc90c45da544961fd8ed2d6448f77577460fa75a8443f7/cryptography-48.0.0-cp311-abi3-manylinux_2_34_x86_64.whl", hash = "sha256:bd72e68b06bb1e96913f97dd4901119bc17f39d4586a5adf2d3e47bc2b9d58b5", size = 4743326, upload-time = "2026-05-04T22:57:59.535Z" },
    { url = "https://files.pythonhosted.org/packages/ac/d8/5b833bad13016f562ab9d063d68199a4bd121d18458e439515601d3357ec/cryptography-48.0.0-cp311-abi3-musllinux_1_2_aarch64.whl", hash = "sha256:59baa2cb386c4f0b9905bd6eb4c2a79a69a128408fd31d32ca4d7102d4156321", size = 4826672, upload-time = "2026-05-04T22:58:01.996Z" },
    { url = "https://files.pythonhosted.org/packages/98/e1/7074eb8bf3c135558c73fc2bcf0f5633f912e6fb87e868a55c454080ef09/cryptography-48.0.0-cp311-abi3-musllinux_1_2_x86_64.whl", hash = "sha256:9249e3cd978541d665967ac2cb2787fd6a62bddf1e75b3e347a594d7dacf4f74", size = 4972574, upload-time = "2026-05-04T22:58:03.968Z" },
    { url = "https://files.pythonhosted.org/packages/04/70/e5a1b41d325f797f39427aa44ef8baf0be500065ab6d8e10369d850d4a4f/cryptography-48.0.0-cp311-abi3-win32.whl", hash = "sha256:9c459db21422be75e2809370b829a87eb37f74cd785fc4aa9ea1e5f43b47cda4", size = 3294868, upload-time = "2026-05-04T22:58:06.467Z" },
    { url = "https://files.pythonhosted.org/packages/f4/ac/8ac51b4a5fc5932eb7ee5c517ba7dc8cd834f0048962b6b352f00f41ebf9/cryptography-48.0.0-cp311-abi3-win_amd64.whl", hash = "sha256:5b012212e08b8dd5edc78ef54da83dd9892fd9105323b3993eff6bea65dc21d7", size = 3817107, upload-time = "2026-05-04T22:58:08.845Z" },
    { url = "https://files.pythonhosted.org/packages/6b/84/70e3feea9feea87fd7cbe77efb2712ae1e3e6edf10749dc6e95f4e60e455/cryptography-48.0.0-cp314-cp314t-macosx_10_9_universal2.whl", hash = "sha256:3cb07a3ed6431663cd321ea8a000a1314c74211f823e4177fefa2255e057d1ec", size = 7986556, upload-time = "2026-05-04T22:58:11.172Z" },
    { url = "https://files.pythonhosted.org/packages/89/6e/18e07a618bb5442ba10cf4df16e99c071365528aa570dfcb8c02e25a303b/cryptography-48.0.0-cp314-cp314t-manylinux2014_aarch64.manylinux_2_17_aarch64.whl", hash = "sha256:8c7378637d7d88016fa6791c159f698b3d3eed28ebf844ac36b9dc04a14dae18", size = 4684776, upload-time = "2026-05-04T22:58:13.712Z" },
    { url = "https://files.pythonhosted.org/packages/be/6a/4ea3b4c6c6759794d5ee2103c304a5076dc4b19ae1f9fe47dba439e159e9/cryptography-48.0.0-cp314-cp314t-manylinux2014_x86_64.manylinux_2_17_x86_64.whl", hash = "sha256:cc90c0b39b2e3c65ef52c804b72e3c58f8a04ab2a1871272798e5f9572c17d20", size = 4698121, upload-time = "2026-05-04T22:58:16.448Z" },
    { url = "https://files.pythonhosted.org/packages/2f/59/6ff6ad6cae03bb887da2a5860b2c9805f8dac969ef01ce563336c49bd1d1/cryptography-48.0.0-cp314-cp314t-manylinux_2_28_aarch64.whl", hash = "sha256:76341972e1eff8b4bea859f09c0d3e64b96ce931b084f9b9b7db8ef364c30eff", size = 4690042, upload-time = "2026-05-04T22:58:18.544Z" },
    { url = "https://files.pythonhosted.org/packages/ca/b4/fc334ed8cfd705aca282fe4d8f5ae64a8e0f74932e9feecb344610cf6e4d/cryptography-48.0.0-cp314-cp314t-manylinux_2_28_ppc64le.whl", hash = "sha256:55b7718303bf06a5753dcdccf2f3945cf18ad7bffde41b61226e4db31ab89a9c", size = 5282526, upload-time = "2026-05-04T22:58:20.75Z" },
    { url = "https://files.pythonhosted.org/packages/11/08/9f8c5386cc4cd90d8255c7cdd0f5baf459a08502a09de30dc51f553d38dc/cryptography-48.0.0-cp314-cp314t-manylinux_2_28_x86_64.whl", hash = "sha256:a64697c641c7b1b2178e573cbc31c7c6684cd56883a478d75143dbb7118036db", size = 4733116, upload-time = "2026-05-04T22:58:23.627Z" },
    { url = "https://files.pythonhosted.org/packages/b8/77/99307d7574045699f8805aa500fa0fb83422d115b5400a064ddd306d7750/cryptography-48.0.0-cp314-cp314t-manylinux_2_31_armv7l.whl", hash = "sha256:561215ea3879cb1cbbf272867e2efda62476f240fb58c64de6b393ae19246741", size = 4316030, upload-time = "2026-05-04T22:58:25.581Z" },
    { url = "https://files.pythonhosted.org/packages/fd/36/a608b98337af3cb2aff4818e406649d30572b7031918b04c87d979495348/cryptography-48.0.0-cp314-cp314t-manylinux_2_34_aarch64.whl", hash = "sha256:ad64688338ed4bc1a6618076ba75fd7194a5f1797ac60b47afe926285adb3166", size = 4689640, upload-time = "2026-05-04T22:58:27.747Z" },
    { url = "https://files.pythonhosted.org/packages/dd/a6/825010a291b4438aecc1f568bc428189fc1175515223632477c07dc0a6df/cryptography-48.0.0-cp314-cp314t-manylinux_2_34_ppc64le.whl", hash = "sha256:906cbf0670286c6e0044156bc7d4af9cbb0ef6db9f73e52c3ec56ba6bdde5336", size = 5237657, upload-time = "2026-05-04T22:58:29.848Z" },
    { url = "https://files.pythonhosted.org/packages/b9/09/4e76a09b4caa29aad535ddc806f5d4c5d01885bd978bd984fbc6ca032cae/cryptography-48.0.0-cp314-cp314t-manylinux_2_34_x86_64.whl", hash = "sha256:ea8990436d914540a40ab24b6a77c0969695ed52f4a4874c5137ccf7045a7057", size = 4732362, upload-time = "2026-05-04T22:58:32.009Z" },
    { url = "https://files.pythonhosted.org/packages/18/78/444fa04a77d0cb95f417dda20d450e13c56ba8e5220fc892a1658f44f882/cryptography-48.0.0-cp314-cp314t-musllinux_1_2_aarch64.whl", hash = "sha256:c18684a7f0cc9a3cb60328f496b8e3372def7c5d2df39ac267878b05565aaaae", size = 4819580, upload-time = "2026-05-04T22:58:34.254Z" },
    { url = "https://files.pythonhosted.org/packages/38/85/ea67067c70a1fd4be2c63d35eeed82658023021affccc7b17705f8527dd2/cryptography-48.0.0-cp314-cp314t-musllinux_1_2_x86_64.whl", hash = "sha256:9be5aafa5736574f8f15f262adc81b2a9869e2cfe9014d52a44633905b40d52c", size = 4963283, upload-time = "2026-05-04T22:58:36.376Z" },
    { url = "https://files.pythonhosted.org/packages/75/54/cc6d0f3deac3e81c7f847e8a189a12b6cdd65059b43dad25d4316abd849a/cryptography-48.0.0-cp314-cp314t-win32.whl", hash = "sha256:c17dfe85494deaeddc5ce251aebd1d60bbe6afc8b62071bb0b469431a000124f", size = 3270954, upload-time = "2026-05-04T22:58:38.791Z" },
    { url = "https://files.pythonhosted.org/packages/49/67/cc947e288c0758a4e5473d1dcb743037ab7785541265a969240b8885441a/cryptography-48.0.0-cp314-cp314t-win_amd64.whl", hash = "sha256:27241b1dc9962e056062a8eef1991d02c3a24569c95975bd2322a8a52c6e5e12", size = 3797313, upload-time = "2026-05-04T22:58:40.746Z" },
    { url = "https://files.pythonhosted.org/packages/f2/63/61d4a4e1c6b6bab6ce1e213cd36a24c415d90e76d78c5eb8577c5541d2e8/cryptography-48.0.0-cp39-abi3-macosx_10_9_universal2.whl", hash = "sha256:58d00498e8933e4a194f3076aee1b4a97dfec1a6da444535755822fe5d8b0b86", size = 7983482, upload-time = "2026-05-04T22:58:43.769Z" },
    { url = "https://files.pythonhosted.org/packages/d5/ac/f5b5995b87770c693e2596559ffafe195b4033a57f14a82268a2842953f3/cryptography-48.0.0-cp39-abi3-manylinux2014_aarch64.manylinux_2_17_aarch64.whl", hash = "sha256:614d0949f4790582d2cc25553abd09dd723025f0c0e7c67376a1d77196743d6e", size = 4683266, upload-time = "2026-05-04T22:58:46.064Z" },
    { url = "https://files.pythonhosted.org/packages/ec/c6/8b14f67e18338fbc4adb76f66c001f5c3610b3e2d1837f268f47a347dbbb/cryptography-48.0.0-cp39-abi3-manylinux2014_x86_64.manylinux_2_17_x86_64.whl", hash = "sha256:7ce4bfae76319a532a2dc68f82cc32f5676ee792a983187dac07183690e5c66f", size = 4696228, upload-time = "2026-05-04T22:58:48.22Z" },
    { url = "https://files.pythonhosted.org/packages/ea/73/f808fbae9514bd91b47875b003f13e284c8c6bdfd904b7944e803937eec1/cryptography-48.0.0-cp39-abi3-manylinux_2_28_aarch64.whl", hash = "sha256:2eb992bbd4661238c5a397594c83f5b4dc2bc5b848c365c8f991b6780efcc5c7", size = 4689097, upload-time = "2026-05-04T22:58:50.9Z" },
    { url = "https://files.pythonhosted.org/packages/93/01/d86632d7d28db8ae83221995752eeb6639ffb374c2d22955648cf8d52797/cryptography-48.0.0-cp39-abi3-manylinux_2_28_ppc64le.whl", hash = "sha256:22a5cb272895dce158b2cacdfdc3debd299019659f42947dbdac6f32d68fe832", size = 5283582, upload-time = "2026-05-04T22:58:53.017Z" },
    { url = "https://files.pythonhosted.org/packages/02/e1/50edc7a50334807cc4791fc4a0ce7468b4a1416d9138eab358bfc9a3d70b/cryptography-48.0.0-cp39-abi3-manylinux_2_28_x86_64.whl", hash = "sha256:2b4d59804e8408e2fea7d1fbaf218e5ec984325221db76e6a241a9abd6cdd95c", size = 4730479, upload-time = "2026-05-04T22:58:55.611Z" },
    { url = "https://files.pythonhosted.org/packages/6f/af/99a582b1b1641ff5911ac559beb45097cf79efd4ead4657f578ef1af2d47/cryptography-48.0.0-cp39-abi3-manylinux_2_31_armv7l.whl", hash = "sha256:984a20b0f62a26f48a3396c72e4bc34c66e356d356bf370053066b3b6d54634a", size = 4326481, upload-time = "2026-05-04T22:58:57.607Z" },
    { url = "https://files.pythonhosted.org/packages/90/ee/89aa26a06ef0a7d7611788ffd571a7c50e368cc6a4d5eef8b4884e866edb/cryptography-48.0.0-cp39-abi3-manylinux_2_34_aarch64.whl", hash = "sha256:5a5ed8fde7a1d09376ca0b40e68cd59c69fe23b1f9768bd5824f54681626032a", size = 4688713, upload-time = "2026-05-04T22:59:00.077Z" },
    { url = "https://files.pythonhosted.org/packages/70/ba/bcb1b0bb7a33d4c7c0c4d4c7874b4a62ae4f56113a5f4baefa362dfb1f0f/cryptography-48.0.0-cp39-abi3-manylinux_2_34_ppc64le.whl", hash = "sha256:8cd666227ef7af430aa5914a9910e0ddd703e75f039cef0825cd0da71b6b711a", size = 5238165, upload-time = "2026-05-04T22:59:02.317Z" },
    { url = "https://files.pythonhosted.org/packages/c9/70/ca4003b1ce5ca3dc3186ada51908c8a9b9ff7d5cab83cc0d43ee14ec144f/cryptography-48.0.0-cp39-abi3-manylinux_2_34_x86_64.whl", hash = "sha256:9071196d81abc88b3516ac8cdfad32e2b66dd4a5393a8e68a961e9161ddc6239", size = 4729947, upload-time = "2026-05-04T22:59:05.255Z" },
    { url = "https://files.pythonhosted.org/packages/44/a0/4ec7cf774207905aef1a8d11c3750d5a1db805eb380ee4e16df317870128/cryptography-48.0.0-cp39-abi3-musllinux_1_2_aarch64.whl", hash = "sha256:1e2d54c8be6152856a36f0882ab231e70f8ec7f14e93cf87db8a2ed056bf160c", size = 4822059, upload-time = "2026-05-04T22:59:07.802Z" },
    { url = "https://files.pythonhosted.org/packages/1e/75/a2e55f99c16fcac7b5d6c1eb19ad8e00799854d6be5ca845f9259eae1681/cryptography-48.0.0-cp39-abi3-musllinux_1_2_x86_64.whl", hash = "sha256:a5da777e32ffed6f85a7b2b3f7c5cbc88c146bfcd0a1d7baf5fcc6c52ee35dd4", size = 4960575, upload-time = "2026-05-04T22:59:09.851Z" },
    { url = "https://files.pythonhosted.org/packages/b8/23/6e6f32143ab5d8b36ca848a502c4bcd477ae75b9e1677e3530d669062578/cryptography-48.0.0-cp39-abi3-win32.whl", hash = "sha256:77a2ccbbe917f6710e05ba9adaa25fb5075620bf3ea6fb751997875aff4ae4bd", size = 3279117, upload-time = "2026-05-04T22:59:12.019Z" },
    { url = "https://files.pythonhosted.org/packages/9d/9a/0fea98a70cf1749d41d738836f6349d97945f7c89433a259a6c2642eefeb/cryptography-48.0.0-cp39-abi3-win_amd64.whl", hash = "sha256:16cd65b9330583e4619939b3a3843eec1e6e789744bb01e7c7e2e62e33c239c8", size = 3792100, upload-time = "2026-05-04T22:59:14.884Z" },
]

[[package]]
name = "ecdsa"
version = "0.19.2"
source = { registry = "https://pypi.org/simple" }
dependencies = [
    { name = "six" },
]
sdist = { url = "https://files.pythonhosted.org/packages/25/ca/8de7744cb3bc966c85430ca2d0fcaeea872507c6a4cf6e007f7fe269ed9d/ecdsa-0.19.2.tar.gz", hash = "sha256:62635b0ac1ca2e027f82122b5b81cb706edc38cd91c63dda28e4f3455a2bf930", size = 202432, upload-time = "2026-03-26T09:58:17.675Z" }
wheels = [
    { url = "https://files.pythonhosted.org/packages/51/79/119091c98e2bf49e24ed9f3ae69f816d715d2904aefa6a2baa039a2ba0b0/ecdsa-0.19.2-py2.py3-none-any.whl", hash = "sha256:840f5dc5e375c68f36c1a7a5b9caad28f95daa65185c9253c0c08dd952bb7399", size = 150818, upload-time = "2026-03-26T09:58:15.808Z" },
]

[[package]]
name = "h11"
version = "0.16.0"
source = { registry = "https://pypi.org/simple" }
sdist = { url = "https://files.pythonhosted.org/packages/01/ee/02a2c011bdab74c6fb3c75474d40b3052059d95df7e73351460c8588d963/h11-0.16.0.tar.gz", hash = "sha256:4e35b956cf45792e4caa5885e69fba00bdbc6ffafbfa020300e549b208ee5ff1", size = 101250, upload-time = "2025-04-24T03:35:25.427Z" }
wheels = [
    { url = "https://files.pythonhosted.org/packages/04/4b/29cac41a4d98d144bf5f6d33995617b185d14b22401f75ca86f384e87ff1/h11-0.16.0-py3-none-any.whl", hash = "sha256:63cf8bbe7522de3bf65932fda1d9c2772064ffb3dae62d55932da54b31cb6c86", size = 37515, upload-time = "2025-04-24T03:35:24.344Z" },
]

[[package]]
name = "httpcore"
version = "1.0.9"
source = { registry = "https://pypi.org/simple" }
dependencies = [
    { name = "certifi" },
    { name = "h11" },
]
sdist = { url = "https://files.pythonhosted.org/packages/06/94/82699a10bca87a5556c9c59b5963f2d039dbd239f25bc2a63907a05a14cb/httpcore-1.0.9.tar.gz", hash = "sha256:6e34463af53fd2ab5d807f399a9b45ea31c3dfa2276f15a2c3f00afff6e176e8", size = 85484, upload-time = "2025-04-24T22:06:22.219Z" }
wheels = [
    { url = "https://files.pythonhosted.org/packages/7e/f5/f66802a942d491edb555dd61e3a9961140fd64c90bce1eafd741609d334d/httpcore-1.0.9-py3-none-any.whl", hash = "sha256:2d400746a40668fc9dec9810239072b40b4484b640a8c38fd654a024c7a1bf55", size = 78784, upload-time = "2025-04-24T22:06:20.566Z" },
]

[[package]]
name = "httpx"
version = "0.28.1"
source = { registry = "https://pypi.org/simple" }
dependencies = [
    { name = "anyio" },
    { name = "certifi" },
    { name = "httpcore" },
    { name = "idna" },
]
sdist = { url = "https://files.pythonhosted.org/packages/b1/df/48c586a5fe32a0f01324ee087459e112ebb7224f646c0b5023f5e79e9956/httpx-0.28.1.tar.gz", hash = "sha256:75e98c5f16b0f35b567856f597f06ff2270a374470a5c2392242528e3e3e42fc", size = 141406, upload-time = "2024-12-06T15:37:23.222Z" }
wheels = [
    { url = "https://files.pythonhosted.org/packages/2a/39/e50c7c3a983047577ee07d2a9e53faf5a69493943ec3f6a384bdc792deb2/httpx-0.28.1-py3-none-any.whl", hash = "sha256:d909fcccc110f8c7faf814ca82a9a4d816bc5a6dbfea25d6591d6985b8ba59ad", size = 73517, upload-time = "2024-12-06T15:37:21.509Z" },
]

[[package]]
name = "idna"
version = "3.18"
source = { registry = "https://pypi.org/simple" }
sdist = { url = "https://files.pythonhosted.org/packages/cd/63/9496c57188a2ee585e0f1db071d75089a11e98aa86eb99d9d7618fc1edce/idna-3.18.tar.gz", hash = "sha256:ffb385a7e039654cef1ab9ef32c6fafe283c0c0467bba1d9029738ce4a14a848", size = 196711, upload-time = "2026-06-02T14:34:07.794Z" }
wheels = [
    { url = "https://files.pythonhosted.org/packages/1e/5e/d4e9f1a599fb8e573b7b87160658329fbf28d19eac2718f51fc3def3aa5a/idna-3.18-py3-none-any.whl", hash = "sha256:7f952cbe720b688055e3f87de14f5c3e5fdaa8bc3928985c4077ca689de849a2", size = 65455, upload-time = "2026-06-02T14:34:06.319Z" },
]

[[package]]
name = "infraforge-e2e"
version = "0.1.0"
source = { editable = "." }
dependencies = [
    { name = "httpx" },
    { name = "pytest" },
    { name = "pytest-asyncio" },
    { name = "python-jose", extra = ["cryptography"] },
    { name = "rich" },
]

[package.metadata]
requires-dist = [
    { name = "httpx", specifier = ">=0.28.0" },
    { name = "pytest", specifier = ">=8.3.0" },
    { name = "pytest-asyncio", specifier = ">=0.24.0" },
    { name = "python-jose", extras = ["cryptography"], specifier = ">=3.3.0" },
    { name = "rich", specifier = ">=13.0.0" },
]

[[package]]
name = "iniconfig"
version = "2.3.0"
source = { registry = "https://pypi.org/simple" }
sdist = { url = "https://files.pythonhosted.org/packages/72/34/14ca021ce8e5dfedc35312d08ba8bf51fdd999c576889fc2c24cb97f4f10/iniconfig-2.3.0.tar.gz", hash = "sha256:c76315c77db068650d49c5b56314774a7804df16fee4402c1f19d6d15d8c4730", size = 20503, upload-time = "2025-10-18T21:55:43.219Z" }
wheels = [
    { url = "https://files.pythonhosted.org/packages/cb/b1/3846dd7f199d53cb17f49cba7e651e9ce294d8497c8c150530ed11865bb8/iniconfig-2.3.0-py3-none-any.whl", hash = "sha256:f631c04d2c48c52b84d0d0549c99ff3859c98df65b3101406327ecc7d53fbf12", size = 7484, upload-time = "2025-10-18T21:55:41.639Z" },
]

[[package]]
name = "markdown-it-py"
version = "4.2.0"
source = { registry = "https://pypi.org/simple" }
dependencies = [
    { name = "mdurl" },
]
sdist = { url = "https://files.pythonhosted.org/packages/06/ff/7841249c247aa650a76b9ee4bbaeae59370dc8bfd2f6c01f3630c35eb134/markdown_it_py-4.2.0.tar.gz", hash = "sha256:04a21681d6fbb623de53f6f364d352309d4094dd4194040a10fd51833e418d49", size = 82454, upload-time = "2026-05-07T12:08:28.36Z" }
wheels = [
    { url = "https://files.pythonhosted.org/packages/b3/81/4da04ced5a082363ecfa159c010d200ecbd959ae410c10c0264a38cac0f5/markdown_it_py-4.2.0-py3-none-any.whl", hash = "sha256:9f7ebbcd14fe59494226453aed97c1070d83f8d24b6fc3a3bcf9a38092641c4a", size = 91687, upload-time = "2026-05-07T12:08:27.182Z" },
]

[[package]]
name = "mdurl"
version = "0.1.2"
source = { registry = "https://pypi.org/simple" }
sdist = { url = "https://files.pythonhosted.org/packages/d6/54/cfe61301667036ec958cb99bd3efefba235e65cdeb9c84d24a8293ba1d90/mdurl-0.1.2.tar.gz", hash = "sha256:bb413d29f5eea38f31dd4754dd7377d4465116fb207585f97bf925588687c1ba", size = 8729, upload-time = "2022-08-14T12:40:10.846Z" }
wheels = [
    { url = "https://files.pythonhosted.org/packages/b3/38/89ba8ad64ae25be8de66a6d463314cf1eb366222074cfda9ee839c56a4b4/mdurl-0.1.2-py3-none-any.whl", hash = "sha256:84008a41e51615a49fc9966191ff91509e3c40b939176e643fd50a5c2196b8f8", size = 9979, upload-time = "2022-08-14T12:40:09.779Z" },
]

[[package]]
name = "packaging"
version = "26.2"
source = { registry = "https://pypi.org/simple" }
sdist = { url = "https://files.pythonhosted.org/packages/d7/f1/e7a6dd94a8d4a5626c03e4e99c87f241ba9e350cd9e6d75123f992427270/packaging-26.2.tar.gz", hash = "sha256:ff452ff5a3e828ce110190feff1178bb1f2ea2281fa2075aadb987c2fb221661", size = 228134, upload-time = "2026-04-24T20:15:23.917Z" }
wheels = [
    { url = "https://files.pythonhosted.org/packages/df/b2/87e62e8c3e2f4b32e5fe99e0b86d576da1312593b39f47d8ceef365e95ed/packaging-26.2-py3-none-any.whl", hash = "sha256:5fc45236b9446107ff2415ce77c807cee2862cb6fac22b8a73826d0693b0980e", size = 100195, upload-time = "2026-04-24T20:15:22.081Z" },
]

[[package]]
name = "pluggy"
version = "1.6.0"
source = { registry = "https://pypi.org/simple" }
sdist = { url = "https://files.pythonhosted.org/packages/f9/e2/3e91f31a7d2b083fe6ef3fa267035b518369d9511ffab804f839851d2779/pluggy-1.6.0.tar.gz", hash = "sha256:7dcc130b76258d33b90f61b658791dede3486c3e6bfb003ee5c9bfb396dd22f3", size = 69412, upload-time = "2025-05-15T12:30:07.975Z" }
wheels = [
    { url = "https://files.pythonhosted.org/packages/54/20/4d324d65cc6d9205fabedc306948156824eb9f0ee1633355a8f7ec5c66bf/pluggy-1.6.0-py3-none-any.whl", hash = "sha256:e920276dd6813095e9377c0bc5566d94c932c33b27a3e3945d8389c374dd4746", size = 20538, upload-time = "2025-05-15T12:30:06.134Z" },
]

[[package]]
name = "pyasn1"
version = "0.6.3"
source = { registry = "https://pypi.org/simple" }
sdist = { url = "https://files.pythonhosted.org/packages/5c/5f/6583902b6f79b399c9c40674ac384fd9cd77805f9e6205075f828ef11fb2/pyasn1-0.6.3.tar.gz", hash = "sha256:697a8ecd6d98891189184ca1fa05d1bb00e2f84b5977c481452050549c8a72cf", size = 148685, upload-time = "2026-03-17T01:06:53.382Z" }
wheels = [
    { url = "https://files.pythonhosted.org/packages/5d/a0/7d793dce3fa811fe047d6ae2431c672364b462850c6235ae306c0efd025f/pyasn1-0.6.3-py3-none-any.whl", hash = "sha256:a80184d120f0864a52a073acc6fc642847d0be408e7c7252f31390c0f4eadcde", size = 83997, upload-time = "2026-03-17T01:06:52.036Z" },
]

[[package]]
name = "pycparser"
version = "3.0"
source = { registry = "https://pypi.org/simple" }
sdist = { url = "https://files.pythonhosted.org/packages/1b/7d/92392ff7815c21062bea51aa7b87d45576f649f16458d78b7cf94b9ab2e6/pycparser-3.0.tar.gz", hash = "sha256:600f49d217304a5902ac3c37e1281c9fe94e4d0489de643a9504c5cdfdfc6b29", size = 103492, upload-time = "2026-01-21T14:26:51.89Z" }
wheels = [
    { url = "https://files.pythonhosted.org/packages/0c/c3/44f3fbbfa403ea2a7c779186dc20772604442dde72947e7d01069cbe98e3/pycparser-3.0-py3-none-any.whl", hash = "sha256:b727414169a36b7d524c1c3e31839a521725078d7b2ff038656844266160a992", size = 48172, upload-time = "2026-01-21T14:26:50.693Z" },
]

[[package]]
name = "pygments"
version = "2.20.0"
source = { registry = "https://pypi.org/simple" }
sdist = { url = "https://files.pythonhosted.org/packages/c3/b2/bc9c9196916376152d655522fdcebac55e66de6603a76a02bca1b6414f6c/pygments-2.20.0.tar.gz", hash = "sha256:6757cd03768053ff99f3039c1a36d6c0aa0b263438fcab17520b30a303a82b5f", size = 4955991, upload-time = "2026-03-29T13:29:33.898Z" }
wheels = [
    { url = "https://files.pythonhosted.org/packages/f4/7e/a72dd26f3b0f4f2bf1dd8923c85f7ceb43172af56d63c7383eb62b332364/pygments-2.20.0-py3-none-any.whl", hash = "sha256:81a9e26dd42fd28a23a2d169d86d7ac03b46e2f8b59ed4698fb4785f946d0176", size = 1231151, upload-time = "2026-03-29T13:29:30.038Z" },
]

[[package]]
name = "pytest"
version = "9.0.3"
source = { registry = "https://pypi.org/simple" }
dependencies = [
    { name = "colorama", marker = "sys_platform == 'win32'" },
    { name = "iniconfig" },
    { name = "packaging" },
    { name = "pluggy" },
    { name = "pygments" },
]
sdist = { url = "https://files.pythonhosted.org/packages/7d/0d/549bd94f1a0a402dc8cf64563a117c0f3765662e2e668477624baeec44d5/pytest-9.0.3.tar.gz", hash = "sha256:b86ada508af81d19edeb213c681b1d48246c1a91d304c6c81a427674c17eb91c", size = 1572165, upload-time = "2026-04-07T17:16:18.027Z" }
wheels = [
    { url = "https://files.pythonhosted.org/packages/d4/24/a372aaf5c9b7208e7112038812994107bc65a84cd00e0354a88c2c77a617/pytest-9.0.3-py3-none-any.whl", hash = "sha256:2c5efc453d45394fdd706ade797c0a81091eccd1d6e4bccfcd476e2b8e0ab5d9", size = 375249, upload-time = "2026-04-07T17:16:16.13Z" },
]

[[package]]
name = "pytest-asyncio"
version = "1.4.0"
source = { registry = "https://pypi.org/simple" }
dependencies = [
    { name = "pytest" },
]
sdist = { url = "https://files.pythonhosted.org/packages/43/7c/d36d04db312ecf4298932ef77e6e4a9e8ad017906e24e34f0b0c361a2473/pytest_asyncio-1.4.0.tar.gz", hash = "sha256:c6c0d2259945122819f171a32ecea2c349ead889ee28176caaf492143424be42", size = 58514, upload-time = "2026-05-26T09:56:04.083Z" }
wheels = [
    { url = "https://files.pythonhosted.org/packages/03/e2/08a497ef684b88559c9cc5f4ad53a37e7b99e727094a86d6ea32536d5d3c/pytest_asyncio-1.4.0-py3-none-any.whl", hash = "sha256:933ca923a23075a87fb7070c0ec272a6848489824d887c85c812670932835aa1", size = 16930, upload-time = "2026-05-26T09:56:02.576Z" },
]

[[package]]
name = "python-jose"
version = "3.5.0"
source = { registry = "https://pypi.org/simple" }
dependencies = [
    { name = "ecdsa" },
    { name = "pyasn1" },
    { name = "rsa" },
]
sdist = { url = "https://files.pythonhosted.org/packages/c6/77/3a1c9039db7124eb039772b935f2244fbb73fc8ee65b9acf2375da1c07bf/python_jose-3.5.0.tar.gz", hash = "sha256:fb4eaa44dbeb1c26dcc69e4bd7ec54a1cb8dd64d3b4d81ef08d90ff453f2b01b", size = 92726, upload-time = "2025-05-28T17:31:54.288Z" }
wheels = [
    { url = "https://files.pythonhosted.org/packages/d9/c3/0bd11992072e6a1c513b16500a5d07f91a24017c5909b02c72c62d7ad024/python_jose-3.5.0-py2.py3-none-any.whl", hash = "sha256:abd1202f23d34dfad2c3d28cb8617b90acf34132c7afd60abd0b0b7d3cb55771", size = 34624, upload-time = "2025-05-28T17:31:52.802Z" },
]

[package.optional-dependencies]
cryptography = [
    { name = "cryptography" },
]

[[package]]
name = "rich"
version = "15.0.0"
source = { registry = "https://pypi.org/simple" }
dependencies = [
    { name = "markdown-it-py" },
    { name = "pygments" },
]
sdist = { url = "https://files.pythonhosted.org/packages/c0/8f/0722ca900cc807c13a6a0c696dacf35430f72e0ec571c4275d2371fca3e9/rich-15.0.0.tar.gz", hash = "sha256:edd07a4824c6b40189fb7ac9bc4c52536e9780fbbfbddf6f1e2502c31b068c36", size = 230680, upload-time = "2026-04-12T08:24:00.75Z" }
wheels = [
    { url = "https://files.pythonhosted.org/packages/82/3b/64d4899d73f91ba49a8c18a8ff3f0ea8f1c1d75481760df8c68ef5235bf5/rich-15.0.0-py3-none-any.whl", hash = "sha256:33bd4ef74232fb73fe9279a257718407f169c09b78a87ad3d296f548e27de0bb", size = 310654, upload-time = "2026-04-12T08:24:02.83Z" },
]

[[package]]
name = "rsa"
version = "4.9.1"
source = { registry = "https://pypi.org/simple" }
dependencies = [
    { name = "pyasn1" },
]
sdist = { url = "https://files.pythonhosted.org/packages/da/8a/22b7beea3ee0d44b1916c0c1cb0ee3af23b700b6da9f04991899d0c555d4/rsa-4.9.1.tar.gz", hash = "sha256:e7bdbfdb5497da4c07dfd35530e1a902659db6ff241e39d9953cad06ebd0ae75", size = 29034, upload-time = "2025-04-16T09:51:18.218Z" }
wheels = [
    { url = "https://files.pythonhosted.org/packages/64/8d/0133e4eb4beed9e425d9a98ed6e081a55d195481b7632472be1af08d2f6b/rsa-4.9.1-py3-none-any.whl", hash = "sha256:68635866661c6836b8d39430f97a996acbd61bfa49406748ea243539fe239762", size = 34696, upload-time = "2025-04-16T09:51:17.142Z" },
]

[[package]]
name = "six"
version = "1.17.0"
source = { registry = "https://pypi.org/simple" }
sdist = { url = "https://files.pythonhosted.org/packages/94/e7/b2c673351809dca68a0e064b6af791aa332cf192da575fd474ed7d6f16a2/six-1.17.0.tar.gz", hash = "sha256:ff70335d468e7eb6ec65b95b99d3a2836546063f63acc5171de367e834932a81", size = 34031, upload-time = "2024-12-04T17:35:28.174Z" }
wheels = [
    { url = "https://files.pythonhosted.org/packages/b7/ce/149a00dd41f10bc29e5921b496af8b574d8413afcd5e30dfa0ed46c2cc5e/six-1.17.0-py2.py3-none-any.whl", hash = "sha256:4721f391ed90541fddacab5acf947aa0d3dc7d27b2e1e8eda2be8970586c3274", size = 11050, upload-time = "2024-12-04T17:35:26.475Z" },
]
